
Microsoft Visual Studio Solution File, Format Version 12.00
# Visual Studio Version 17
VisualStudioVersion = 17.6.33815.320
MinimumVisualStudioVersion = 10.0.40219.1
Project("{FAE04EC0-301F-11D3-BF4B-00C04F79EFBC}") = "JabangVideoPlayer", "JabangVideoPlayer\JabangVideoPlayer.csproj", "{FD8700AC-06C5-489F-9B35-11229193CDB7}"
EndProject
Global
	GlobalSection(SolutionConfigurationPlatforms) = preSolution
		Debug|Any CPU = Debug|Any CPU
		Release|Any CPU = Release|Any CPU
	EndGlobalSection
	GlobalSection(ProjectConfigurationPlatforms) = postSolution
		{FD8700AC-06C5-489F-9B35-11229193CDB7}.Debug|Any CPU.ActiveCfg = Debug|Any CPU
		{FD8700AC-06C5-489F-9B35-11229193CDB7}.Debug|Any CPU.Build.0 = Debug|Any CPU
		{FD8700AC-06C5-489F-9B35-11229193CDB7}.Release|Any CPU.ActiveCfg = Release|Any CPU
		{FD8700AC-06C5-489F-9B35-11229193CDB7}.Release|Any CPU.Build.0 = Release|Any CPU
	EndGlobalSection
	GlobalSection(SolutionProperties) = preSolution
		HideSolutionNode = FALSE
	EndGlobalSection
	GlobalSection(ExtensibilityGlobals) = postSolution
		SolutionGuid = {75EAC446-188A-416D-AA2F-7909736CE173}
	EndGlobalSection
EndGlobal
